{
  "name": "iqro",
  "version": "1.0.4",
  "lockfileVersion": 1,
  "packageIntegrity": "sha512-Ly4fF+hnH4x9BjqvPf4MtZvEvdWooLdv68I5zGRthCb5tZfqKV9EELE0drdsPlmnEamdXPxZALpeaC0ia7Vvow==",
  "dependencies": {
    "async": {
      "version": "0.9.2",
      "resolved": "https://registry.npmjs.org/async/-/async-0.9.2.tgz",
      "integrity": "sha1-rqdNXmHB+JlhO/ZL2mbUx48v0X0="
    },
    "bindings": {
      "version": "1.2.1",
      "resolved": "https://registry.npmjs.org/bindings/-/bindings-1.2.1.tgz",
      "integrity": "sha1-FK1hE4EtLTfXLme0ystLtyZQXxE="
    },
    "core-util-is": {
      "version": "1.0.2",
      "resolved": "https://registry.npmjs.org/core-util-is/-/core-util-is-1.0.2.tgz",
      "integrity": "sha1-tf1UIgqivFq1eqtxQMlAdUUDwac="
    },
    "debug": {
      "version": "2.6.8",
      "resolved": "https://registry.npmjs.org/debug/-/debug-2.6.8.tgz",
      "integrity": "sha1-5zFTHKLt4n0YgiJCfaF4IdaP9Pw="
    },
    "home": {
      "version": "0.1.8",
      "resolved": "https://registry.npmjs.org/home/-/home-0.1.8.tgz",
      "integrity": "sha1-SHjoYJ1XnNQfhwX9QLejDu0U3FQ="
    },
    "inherits": {
      "version": "2.0.3",
      "resolved": "https://registry.npmjs.org/inherits/-/inherits-2.0.3.tgz",
      "integrity": "sha1-Yzwsg+PaQqUC9SRmAiSA9CCCYd4="
    },
    "isarray": {
      "version": "0.0.1",
      "resolved": "https://registry.npmjs.org/isarray/-/isarray-0.0.1.tgz",
      "integrity": "sha1-ihis/Kmo9Bd+Cav8YDiTmwXR7t8="
    },
    "lame": {
      "version": "1.2.4",
      "resolved": "https://registry.npmjs.org/lame/-/lame-1.2.4.tgz",
      "integrity": "sha1-VGgBUU4t6MoMie7yIogMjcZxJIU="
    },
    "minimist": {
      "version": "1.2.0",
      "resolved": "https://registry.npmjs.org/minimist/-/minimist-1.2.0.tgz",
      "integrity": "sha1-o1AIsg9BOD7sH7kU9M1d95omQoQ="
    },
    "ms": {
      "version": "2.0.0",
      "resolved": "https://registry.npmjs.org/ms/-/ms-2.0.0.tgz",
      "integrity": "sha1-VgiurfwAvmwpAd9fmGF4jeDVl8g="
    },
    "nan": {
      "version": "2.6.2",
      "resolved": "https://registry.npmjs.org/nan/-/nan-2.6.2.tgz",
      "integrity": "sha1-5P805slf37WuzAjeZZb0NgWn20U="
    },
    "player": {
      "version": "0.5.1",
      "resolved": "https://registry.npmjs.org/player/-/player-0.5.1.tgz",
      "integrity": "sha1-bmhxMD+Zqq/nDsbbc1kvFEJMiEg="
    },
    "pool_stream": {
      "version": "0.0.2",
      "resolved": "https://registry.npmjs.org/pool_stream/-/pool_stream-0.0.2.tgz",
      "integrity": "sha1-OB5wB2WkpSNgwwzdi+I3AqGnj94="
    },
    "readable-stream": {
      "version": "1.1.14",
      "resolved": "https://registry.npmjs.org/readable-stream/-/readable-stream-1.1.14.tgz",
      "integrity": "sha1-fPTFTvZI44EwhMY23SB54WbAgdk="
    },
    "speaker": {
      "version": "0.2.6",
      "resolved": "https://registry.npmjs.org/speaker/-/speaker-0.2.6.tgz",
      "integrity": "sha1-0p6Qt94bkmpHcYeW2hHyup68GZo=",
      "dependencies": {
        "readable-stream": {
          "version": "1.0.34",
          "resolved": "https://registry.npmjs.org/readable-stream/-/readable-stream-1.0.34.tgz",
          "integrity": "sha1-Elgg40vIQtLyqq+v5MKRbuMsFXw="
        }
      }
    },
    "string_decoder": {
      "version": "0.10.31",
      "resolved": "https://registry.npmjs.org/string_decoder/-/string_decoder-0.10.31.tgz",
      "integrity": "sha1-YuIDvEF2bGwoyfyEMB2rHFMQ+pQ="
    },
    "underscore": {
      "version": "1.6.0",
      "resolved": "https://registry.npmjs.org/underscore/-/underscore-1.6.0.tgz",
      "integrity": "sha1-izixDKze9jM3uLJOT/htRa6lKag="
    }
  }
}
